Microsoft Visual Studio Solution File, Format Version 11.00
# Visual Studio 2008

Project("{3DCB62D8-CAF3-BADD-E7A3-299D177844D1}") = "DiasetKinectV1", "Assembly-CSharp.csproj", "{7D1E917C-1BD0-EB3E-1532-55B588804A78}"
EndProject
Global
	GlobalSection(SolutionConfigurationPlatforms) = preSolution
		Debug|Any CPU = Debug|Any CPU
		Release|Any CPU = Release|Any CPU
	EndGlobalSection
	GlobalSection(ProjectConfigurationPlatforms) = postSolution
		{7D1E917C-1BD0-EB3E-1532-55B588804A78}.Debug|Any CPU.ActiveCfg = Debug|Any CPU
		{7D1E917C-1BD0-EB3E-1532-55B588804A78}.Debug|Any CPU.Build.0 = Debug|Any CPU
		{7D1E917C-1BD0-EB3E-1532-55B588804A78}.Release|Any CPU.ActiveCfg = Release|Any CPU
		{7D1E917C-1BD0-EB3E-1532-55B588804A78}.Release|Any CPU.Build.0 = Release|Any CPU
	EndGlobalSection
	GlobalSection(SolutionProperties) = preSolution
		HideSolutionNode = FALSE
	EndGlobalSection
	GlobalSection(MonoDevelopProperties) = preSolution
		StartupItem = Assembly-CSharp.csproj
	EndGlobalSection
EndGlobal
